
Microsoft Visual Studio Solution File, Format Version 12.00
# Visual Studio Version 17
VisualStudioVersion = 17.2.32516.85
MinimumVisualStudioVersion = 10.0.40219.1
Project("{9A19103F-16F7-4668-BE54-9A1E7A4F7556}") = "ConsoleApp1", "ConsoleApp1\ConsoleApp1.csproj", "{8940868A-1E30-41CD-ABB1-24722D2A4A06}"
EndProject
Project("{FAE04EC0-301F-11D3-BF4B-00C04F79EFBC}") = "ConsoleApp2", "ConsoleApp2\ConsoleApp2.csproj", "{0C13862F-B2CB-4B8D-9AA0-1CDEEC73F14D}"
EndProject
Global
	GlobalSection(SolutionConfigurationPlatforms) = preSolution
		Debug|Any CPU = Debug|Any CPU
		Release|Any CPU = Release|Any CPU
	EndGlobalSection
	GlobalSection(ProjectConfigurationPlatforms) = postSolution
		{8940868A-1E30-41CD-ABB1-24722D2A4A06}.Debug|Any CPU.ActiveCfg = Debug|Any CPU
		{8940868A-1E30-41CD-ABB1-24722D2A4A06}.Debug|Any CPU.Build.0 = Debug|Any CPU
		{8940868A-1E30-41CD-ABB1-24722D2A4A06}.Release|Any CPU.ActiveCfg = Release|Any CPU
		{8940868A-1E30-41CD-ABB1-24722D2A4A06}.Release|Any CPU.Build.0 = Release|Any CPU
		{0C13862F-B2CB-4B8D-9AA0-1CDEEC73F14D}.Debug|Any CPU.ActiveCfg = Debug|Any CPU
		{0C13862F-B2CB-4B8D-9AA0-1CDEEC73F14D}.Debug|Any CPU.Build.0 = Debug|Any CPU
		{0C13862F-B2CB-4B8D-9AA0-1CDEEC73F14D}.Release|Any CPU.ActiveCfg = Release|Any CPU
		{0C13862F-B2CB-4B8D-9AA0-1CDEEC73F14D}.Release|Any CPU.Build.0 = Release|Any CPU
	EndGlobalSection
	GlobalSection(SolutionProperties) = preSolution
		HideSolutionNode = FALSE
	EndGlobalSection
	GlobalSection(ExtensibilityGlobals) = postSolution
		SolutionGuid = {55B7D217-407C-4F85-83A0-7C800EA62021}
	EndGlobalSection
EndGlobal
